uuid: cc653d8a-0aee-4460-bc9c-f9a571866ac6
langcode: en
status: true
dependencies:
  config:
    - field.storage.paragraph.field_block
    - paragraphs.paragraphs_type.reference_block
  module:
    - block_field
id: paragraph.reference_block.field_block
field_name: field_block
entity_type: paragraph
bundle: reference_block
label: Block
description: ''
required: true
translatable: true
default_value: {  }
default_value_callback: ''
settings:
  plugin_ids:
    'views_block:news-block_news_all': 'views_block:news-block_news_all'
    'views_block:people-block_people': 'views_block:people-block_people'
field_type: block_field
