uuid: 89257147-25f1-4c28-8478-730955b7687f
langcode: en
status: true
dependencies:
  module:
    - paragraphs_browser
third_party_settings:
  paragraphs_browser:
    image_path: 'public://block.png'
id: reference_block
label: 'Reference - Block'
icon_uuid: null
description: ''
behavior_plugins: {  }
